// !$*UTF8*$!
{
	archiveVersion = 1;
	classes = {
	};
	objectVersion = 50;
	objects = {

/* Begin PBXBuildFile section */
		77D5F055269530450080BAFC /* AppDelegate.swift in Sources */ = {isa = PBXBuildFile; fileRef = 77D5F054269530450080BAFC /* AppDelegate.swift */; };
		77D5F057269530450080BAFC /* SceneDelegate.swift in Sources */ = {isa = PBXBuildFile; fileRef = 77D5F056269530450080BAFC /* SceneDelegate.swift */; };
		77D5F059269530450080BAFC /* ViewController.swift in Sources */ = {isa = PBXBuildFile; fileRef = 77D5F058269530450080BAFC /* ViewController.swift */; };
		77D5F05C269530450080BAFC /* Main.storyboard in Resources */ = {isa = PBXBuildFile; fileRef = 77D5F05A269530450080BAFC /* Main.storyboard */; };
		77D5F05E269530470080BAFC /* Assets.xcassets in Resources */ = {isa = PBXBuildFile; fileRef = 77D5F05D269530470080BAFC /* Assets.xcassets */; };
		77D5F061269530470080BAFC /* LaunchScreen.storyboard in Resources */ = {isa = PBXBuildFile; fileRef = 77D5F05F269530470080BAFC /* LaunchScreen.storyboard */; };
		E8E85876ABBF7FCAF694A706 /* Pods_IOSParseXMLTutorial.framework in Frameworks */ = {isa = PBXBuildFile; fileRef = 3B2633B804C9A7E98150A692 /* Pods_IOSParseXMLTutorial.framework */; };
/* End PBXBuildFile section */

/* Begin PBXFileReference section */
		3B2633B804C9A7E98150A692 /* Pods_IOSParseXMLTutorial.framework */ = {isa = PBXFileReference; explicitFileType = wrapper.framework; includeInIndex = 0; path = Pods_IOSParseXMLTutorial.framework; sourceTree = BUILT_PRODUCTS_DIR; };
		77D5F051269530450080BAFC /* IOSParseXMLTutorial.app */ = {isa = PBXFileReference; explicitFileType = wrapper.application; includeInIndex = 0; path = IOSParseXMLTutorial.app; sourceTree = BUILT_PRODUCTS_DIR; };
		77D5F054269530450080BAFC /* AppDelegate.swift */ = {isa = PBXFileReference; lastKnownFileType = sourcecode.swift; path = AppDelegate.swift; sourceTree = "<group>"; };
		77D5F056269530450080BAFC /* SceneDelegate.swift */ = {isa = PBXFileReference; lastKnownFileType = sourcecode.swift; path = SceneDelegate.swift; sourceTree = "<group>"; };
		77D5F058269530450080BAFC /* ViewController.swift */ = {isa = PBXFileReference; lastKnownFileType = sourcecode.swift; path = ViewController.swift; sourceTree = "<group>"; };
		77D5F05B269530450080BAFC /* Base */ = {isa = PBXFileReference; lastKnownFileType = file.storyboard; name = Base; path = Base.lproj/Main.storyboard; sourceTree = "<group>"; };
		77D5F05D269530470080BAFC /* Assets.xcassets */ = {isa = PBXFileReference; lastKnownFileType = folder.assetcatalog; path = Assets.xcassets; sourceTree = "<group>"; };
		77D5F060269530470080BAFC /* Base */ = {isa = PBXFileReference; lastKnownFileType = file.storyboard; name = Base; path = Base.lproj/LaunchScreen.storyboard; sourceTree = "<group>"; };
		77D5F062269530470080BAFC /* Info.plist */ = {isa = PBXFileReference; lastKnownFileType = text.plist.xml; path = Info.plist; sourceTree = "<group>"; };
		8C3D38D21E94700C0BBC16B0 /* Pods-IOSParseXMLTutorial.debug.xcconfig */ = {isa = PBXFileReference; includeInIndex = 1; lastKnownFileType = text.xcconfig; name = "Pods-IOSParseXMLTutorial.debug.xcconfig"; path = "Target Support Files/Pods-IOSParseXMLTutorial/Pods-IOSParseXMLTutorial.debug.xcconfig"; sourceTree = "<group>"; };
		FDD0CEC3BADD6150FA3E1A21 /* Pods-IOSParseXMLTutorial.release.xcconfig */ = {isa = PBXFileReference; includeInIndex = 1; lastKnownFileType = text.xcconfig; name = "Pods-IOSParseXMLTutorial.release.xcconfig"; path = "Target Support Files/Pods-IOSParseXMLTutorial/Pods-IOSParseXMLTutorial.release.xcconfig"; sourceTree = "<group>"; };
/* End PBXFileReference section */

/* Begin PBXFrameworksBuildPhase section */
		77D5F04E269530450080BAFC /* Frameworks */ = {
			isa = PBXFrameworksBuildPhase;
			buildActionMask = 2147483647;
			files = (
				E8E85876ABBF7FCAF694A706 /* Pods_IOSParseXMLTutorial.framework in Frameworks */,
			);
			runOnlyForDeploymentPostprocessing = 0;
		};
/* End PBXFrameworksBuildPhase section */

/* Begin PBXGroup section */
		77D5F048269530440080BAFC = {
			isa = PBXGroup;
			children = (
				77D5F053269530450080BAFC /* IOSParseXMLTutorial */,
				77D5F052269530450080BAFC /* Products */,
				B1C9FD2A9BAA5F9189176FCC /* Pods */,
				C4EE93806591F06337AE4992 /* Frameworks */,
			);
			sourceTree = "<group>";
		};
		77D5F052269530450080BAFC /* Products */ = {
			isa = PBXGroup;
			children = (
				77D5F051269530450080BAFC /* IOSParseXMLTutorial.app */,
			);
			name = Products;
			sourceTree = "<group>";
		};
		77D5F053269530450080BAFC /* IOSParseXMLTutorial */ = {
			isa = PBXGroup;
			children = (
				77D5F054269530450080BAFC /* AppDelegate.swift */,
				77D5F056269530450080BAFC /* SceneDelegate.swift */,
				77D5F058269530450080BAFC /* ViewController.swift */,
				77D5F05A269530450080BAFC /* Main.storyboard */,
				77D5F05D269530470080BAFC /* Assets.xcassets */,
				77D5F05F269530470080BAFC /* LaunchScreen.storyboard */,
				77D5F062269530470080BAFC /* Info.plist */,
			);
			path = IOSParseXMLTutorial;
			sourceTree = "<group>";
		};
		B1C9FD2A9BAA5F9189176FCC /* Pods */ = {
			isa = PBXGroup;
			children = (
				8C3D38D21E94700C0BBC16B0 /* Pods-IOSParseXMLTutorial.debug.xcconfig */,
				FDD0CEC3BADD6150FA3E1A21 /* Pods-IOSParseXMLTutorial.release.xcconfig */,
			);
			name = Pods;
			path = Pods;
			sourceTree = "<group>";
		};
		C4EE93806591F06337AE4992 /* Frameworks */ = {
			isa = PBXGroup;
			children = (
				3B2633B804C9A7E98150A692 /* Pods_IOSParseXMLTutorial.framework */,
			);
			name = Frameworks;
			sourceTree = "<group>";
		};
/* End PBXGroup section */

/* Begin PBXNativeTarget section */
		77D5F050269530450080BAFC /* IOSParseXMLTutorial */ = {
			isa = PBXNativeTarget;
			buildConfigurationList = 77D5F065269530470080BAFC /* Build configuration list for PBXNativeTarget "IOSParseXMLTutorial" */;
			buildPhases = (
				4B9BF7B198A22D88E3D0550D /* [CP] Check Pods Manifest.lock */,
				77D5F04D269530450080BAFC /* Sources */,
				77D5F04E269530450080BAFC /* Frameworks */,
				77D5F04F269530450080BAFC /* Resources */,
				1260DFE3D00EDEDCE2C148C7 /* [CP] Embed Pods Frameworks */,
			);
			buildRules = (
			);
			dependencies = (
			);
			name = IOSParseXMLTutorial;
			productName = IOSParseXMLTutorial;
			productReference = 77D5F051269530450080BAFC /* IOSParseXMLTutorial.app */;
			productType = "com.apple.product-type.application";
		};
/* End PBXNativeTarget section */

/* Begin PBXProject section */
		77D5F049269530440080BAFC /* Project object */ = {
			isa = PBXProject;
			attributes = {
				LastSwiftUpdateCheck = 1250;
				LastUpgradeCheck = 1250;
				TargetAttributes = {
					77D5F050269530450080BAFC = {
						CreatedOnToolsVersion = 12.5;
					};
				};
			};
			buildConfigurationList = 77D5F04C269530440080BAFC /* Build configuration list for PBXProject "IOSParseXMLTutorial" */;
			compatibilityVersion = "Xcode 9.3";
			developmentRegion = en;
			hasScannedForEncodings = 0;
			knownRegions = (
				en,
				Base,
			);
			mainGroup = 77D5F048269530440080BAFC;
			productRefGroup = 77D5F052269530450080BAFC /* Products */;
			projectDirPath = "";
			projectRoot = "";
			targets = (
				77D5F050269530450080BAFC /* IOSParseXMLTutorial */,
			);
		};
/* End PBXProject section */

/* Begin PBXResourcesBuildPhase section */
		77D5F04F269530450080BAFC /* Resources */ = {
			isa = PBXResourcesBuildPhase;
			buildActionMask = 2147483647;
			files = (
				77D5F061269530470080BAFC /* LaunchScreen.storyboard in Resources */,
				77D5F05E269530470080BAFC /* Assets.xcassets in Resources */,
				77D5F05C269530450080BAFC /* Main.storyboard in Resources */,
			);
			runOnlyForDeploymentPostprocessing = 0;
		};
/* End PBXResourcesBuildPhase section */

/* Begin PBXShellScriptBuildPhase section */
		1260DFE3D00EDEDCE2C148C7 /* [CP] Embed Pods Frameworks */ = {
			isa = PBXShellScriptBuildPhase;
			buildActionMask = 2147483647;
			files = (
			);
			inputFileListPaths = (
				"${PODS_ROOT}/Target Support Files/Pods-IOSParseXMLTutorial/Pods-IOSParseXMLTutorial-frameworks-${CONFIGURATION}-input-files.xcfilelist",
			);
			name = "[CP] Embed Pods Frameworks";
			outputFileListPaths = (
				"${PODS_ROOT}/Target Support Files/Pods-IOSParseXMLTutorial/Pods-IOSParseXMLTutorial-frameworks-${CONFIGURATION}-output-files.xcfilelist",
			);
			runOnlyForDeploymentPostprocessing = 0;
			shellPath = /bin/sh;
			shellScript = "\"${PODS_ROOT}/Target Support Files/Pods-IOSParseXMLTutorial/Pods-IOSParseXMLTutorial-frameworks.sh\"\n";
			showEnvVarsInLog = 0;
		};
		4B9BF7B198A22D88E3D0550D /* [CP] Check Pods Manifest.lock */ = {
			isa = PBXShellScriptBuildPhase;
			buildActionMask = 2147483647;
			files = (
			);
			inputFileListPaths = (
			);
			inputPaths = (
				"${PODS_PODFILE_DIR_PATH}/Podfile.lock",
				"${PODS_ROOT}/Manifest.lock",
			);
			name = "[CP] Check Pods Manifest.lock";
			outputFileListPaths = (
			);
			outputPaths = (
				"$(DERIVED_FILE_DIR)/Pods-IOSParseXMLTutorial-checkManifestLockResult.txt",
			);
			runOnlyForDeploymentPostprocessing = 0;
			shellPath = /bin/sh;
			shellScript = "diff \"${PODS_PODFILE_DIR_PATH}/Podfile.lock\" \"${PODS_ROOT}/Manifest.lock\" > /dev/null\nif [ $? != 0 ] ; then\n    # print error to STDERR\n    echo \"error: The sandbox is not in sync with the Podfile.lock. Run 'pod install' or update your CocoaPods installation.\" >&2\n    exit 1\nfi\n# This output is used by Xcode 'outputs' to avoid re-running this script phase.\necho \"SUCCESS\" > \"${SCRIPT_OUTPUT_FILE_0}\"\n";
			showEnvVarsInLog = 0;
		};
/* End PBXShellScriptBuildPhase section */

/* Begin PBXSourcesBuildPhase section */
		77D5F04D269530450080BAFC /* Sources */ = {
			isa = PBXSourcesBuildPhase;
			buildActionMask = 2147483647;
			files = (
				77D5F059269530450080BAFC /* ViewController.swift in Sources */,
				77D5F055269530450080BAFC /* AppDelegate.swift in Sources */,
				77D5F057269530450080BAFC /* SceneDelegate.swift in Sources */,
			);
			runOnlyForDeploymentPostprocessing = 0;
		};
/* End PBXSourcesBuildPhase section */

/* Begin PBXVariantGroup section */
		77D5F05A269530450080BAFC /* Main.storyboard */ = {
			isa = PBXVariantGroup;
			children = (
				77D5F05B269530450080BAFC /* Base */,
			);
			name = Main.storyboard;
			sourceTree = "<group>";
		};
		77D5F05F269530470080BAFC /* LaunchScreen.storyboard */ = {
			isa = PBXVariantGroup;
			children = (
				77D5F060269530470080BAFC /* Base */,
			);
			name = LaunchScreen.storyboard;
			sourceTree = "<group>";
		};
/* End PBXVariantGroup section */

/* Begin XCBuildConfiguration section */
		77D5F063269530470080BAFC /* Debug */ = {
			isa = XCBuildConfiguration;
			buildSettings = {
				ALWAYS_SEARCH_USER_PATHS = NO;
				CLANG_ANALYZER_NONNULL = YES;
				CLANG_ANALYZER_NUMBER_OBJECT_CONVERSION = YES_AGGRESSIVE;
				CLANG_CXX_LANGUAGE_STANDARD = "gnu++14";
				CLANG_CXX_LIBRARY = "libc++";
				CLANG_ENABLE_MODULES = YES;
				CLANG_ENABLE_OBJC_ARC = YES;
				CLANG_ENABLE_OBJC_WEAK = YES;
				CLANG_WARN_BLOCK_CAPTURE_AUTORELEASING = YES;
				CLANG_WARN_BOOL_CONVERSION = YES;
				CLANG_WARN_COMMA = YES;
				CLANG_WARN_CONSTANT_CONVERSION = YES;
				CLANG_WARN_DEPRECATED_OBJC_IMPLEMENTATIONS = YES;
				CLANG_WARN_DIRECT_OBJC_ISA_USAGE = YES_ERROR;
				CLANG_WARN_DOCUMENTATION_COMMENTS = YES;
				CLANG_WARN_EMPTY_BODY = YES;
				CLANG_WARN_ENUM_CONVERSION = YES;
				CLANG_WARN_INFINITE_RECURSION = YES;
				CLANG_WARN_INT_CONVERSION = YES;
				CLANG_WARN_NON_LITERAL_NULL_CONVERSION = YES;
				CLANG_WARN_OBJC_IMPLICIT_RETAIN_SELF = YES;
				CLANG_WARN_OBJC_LITERAL_CONVERSION = YES;
				CLANG_WARN_OBJC_ROOT_CLASS = YES_ERROR;
				CLANG_WARN_QUOTED_INCLUDE_IN_FRAMEWORK_HEADER = YES;
				CLANG_WARN_RANGE_LOOP_ANALYSIS = YES;
				CLANG_WARN_STRICT_PROTOTYPES = YES;
				CLANG_WARN_SUSPICIOUS_MOVE = YES;
				CLANG_WARN_UNGUARDED_AVAILABILITY = YES_AGGRESSIVE;
				CLANG_WARN_UNREACHABLE_CODE = YES;
				CLANG_WARN__DUPLICATE_METHOD_MATCH = YES;
				COPY_PHASE_STRIP = NO;
				DEBUG_INFORMATION_FORMAT = dwarf;
				ENABLE_STRICT_OBJC_MSGSEND = YES;
				ENABLE_TESTABILITY = YES;
				GCC_C_LANGUAGE_STANDARD = gnu11;
				GCC_DYNAMIC_NO_PIC = NO;
				GCC_NO_COMMON_BLOCKS = YES;
				GCC_OPTIMIZATION_LEVEL = 0;
				GCC_PREPROCESSOR_DEFINITIONS = (
					"DEBUG=1",
					"$(inherited)",
				);
				GCC_WARN_64_TO_32_BIT_CONVERSION = YES;
				GCC_WARN_ABOUT_RETURN_TYPE = YES_ERROR;
				GCC_WARN_UNDECLARED_SELECTOR = YES;
				GCC_WARN_UNINITIALIZED_AUTOS = YES_AGGRESSIVE;
				GCC_WARN_UNUSED_FUNCTION = YES;
				GCC_WARN_UNUSED_VARIABLE = YES;
				IPHONEOS_DEPLOYMENT_TARGET = 14.5;
				MTL_ENABLE_DEBUG_INFO = INCLUDE_SOURCE;
				MTL_FAST_MATH = YES;
				ONLY_ACTIVE_ARCH = YES;
				SDKROOT = iphoneos;
				SWIFT_ACTIVE_COMPILATION_CONDITIONS = DEBUG;
				SWIFT_OPTIMIZATION_LEVEL = "-Onone";
			};
			name = Debug;
		};
		77D5F064269530470080BAFC /* Release */ = {
			isa = XCBuildConfiguration;
			buildSettings = {
				ALWAYS_SEARCH_USER_PATHS = NO;
				CLANG_ANALYZER_NONNULL = YES;
				CLANG_ANALYZER_NUMBER_OBJECT_CONVERSION = YES_AGGRESSIVE;
				CLANG_CXX_LANGUAGE_STANDARD = "gnu++14";
				CLANG_CXX_LIBRARY = "libc++";
				CLANG_ENABLE_MODULES = YES;
				CLANG_ENABLE_OBJC_ARC = YES;
				CLANG_ENABLE_OBJC_WEAK = YES;
				CLANG_WARN_BLOCK_CAPTURE_AUTORELEASING = YES;
				CLANG_WARN_BOOL_CONVERSION = YES;
				CLANG_WARN_COMMA = YES;
				CLANG_WARN_CONSTANT_CONVERSION = YES;
				CLANG_WARN_DEPRECATED_OBJC_IMPLEMENTATIONS = YES;
				CLANG_WARN_DIRECT_OBJC_ISA_USAGE = YES_ERROR;
				CLANG_WARN_DOCUMENTATION_COMMENTS = YES;
				CLANG_WARN_EMPTY_BODY = YES;
				CLANG_WARN_ENUM_CONVERSION = YES;
				CLANG_WARN_INFINITE_RECURSION = YES;
				CLANG_WARN_INT_CONVERSION = YES;
				CLANG_WARN_NON_LITERAL_NULL_CONVERSION = YES;
				CLANG_WARN_OBJC_IMPLICIT_RETAIN_SELF = YES;
				CLANG_WARN_OBJC_LITERAL_CONVERSION = YES;
				CLANG_WARN_OBJC_ROOT_CLASS = YES_ERROR;
				CLANG_WARN_QUOTED_INCLUDE_IN_FRAMEWORK_HEADER = YES;
				CLANG_WARN_RANGE_LOOP_ANALYSIS = YES;
				CLANG_WARN_STRICT_PROTOTYPES = YES;
				CLANG_WARN_SUSPICIOUS_MOVE = YES;
				CLANG_WARN_UNGUARDED_AVAILABILITY = YES_AGGRESSIVE;
				CLANG_WARN_UNREACHABLE_CODE = YES;
				CLANG_WARN__DUPLICATE_METHOD_MATCH = YES;
				COPY_PHASE_STRIP = NO;
				DEBUG_INFORMATION_FORMAT = "dwarf-with-dsym";
				ENABLE_NS_ASSERTIONS = NO;
				ENABLE_STRICT_OBJC_MSGSEND = YES;
				GCC_C_LANGUAGE_STANDARD = gnu11;
				GCC_NO_COMMON_BLOCKS = YES;
				GCC_WARN_64_TO_32_BIT_CONVERSION = YES;
				GCC_WARN_ABOUT_RETURN_TYPE = YES_ERROR;
				GCC_WARN_UNDECLARED_SELECTOR = YES;
				GCC_WARN_UNINITIALIZED_AUTOS = YES_AGGRESSIVE;
				GCC_WARN_UNUSED_FUNCTION = YES;
				GCC_WARN_UNUSED_VARIABLE = YES;
				IPHONEOS_DEPLOYMENT_TARGET = 14.5;
				MTL_ENABLE_DEBUG_INFO = NO;
				MTL_FAST_MATH = YES;
				SDKROOT = iphoneos;
				SWIFT_COMPILATION_MODE = wholemodule;
				SWIFT_OPTIMIZATION_LEVEL = "-O";
				VALIDATE_PRODUCT = YES;
			};
			name = Release;
		};
		77D5F066269530470080BAFC /* Debug */ = {
			isa = XCBuildConfiguration;
			baseConfigurationReference = 8C3D38D21E94700C0BBC16B0 /* Pods-IOSParseXMLTutorial.debug.xcconfig */;
			buildSettings = {
				ASSETCATALOG_COMPILER_APPICON_NAME = AppIcon;
				ASSETCATALOG_COMPILER_GLOBAL_ACCENT_COLOR_NAME = AccentColor;
				CODE_SIGN_STYLE = Automatic;
				DEVELOPMENT_TEAM = H46GZ2RY2C;
				INFOPLIST_FILE = IOSParseXMLTutorial/Info.plist;
				LD_RUNPATH_SEARCH_PATHS = (
					"$(inherited)",
					"@executable_path/Frameworks",
				);
				PRODUCT_BUNDLE_IDENTIFIER = com.apprendev.IOSParseXMLTutorial;
				PRODUCT_NAME = "$(TARGET_NAME)";
				SWIFT_VERSION = 5.0;
				TARGETED_DEVICE_FAMILY = "1,2";
			};
			name = Debug;
		};
		77D5F067269530470080BAFC /* Release */ = {
			isa = XCBuildConfiguration;
			baseConfigurationReference = FDD0CEC3BADD6150FA3E1A21 /* Pods-IOSParseXMLTutorial.release.xcconfig */;
			buildSettings = {
				ASSETCATALOG_COMPILER_APPICON_NAME = AppIcon;
				ASSETCATALOG_COMPILER_GLOBAL_ACCENT_COLOR_NAME = AccentColor;
				CODE_SIGN_STYLE = Automatic;
				DEVELOPMENT_TEAM = H46GZ2RY2C;
				INFOPLIST_FILE = IOSParseXMLTutorial/Info.plist;
				LD_RUNPATH_SEARCH_PATHS = (
					"$(inherited)",
					"@executable_path/Frameworks",
				);
				PRODUCT_BUNDLE_IDENTIFIER = com.apprendev.IOSParseXMLTutorial;
				PRODUCT_NAME = "$(TARGET_NAME)";
				SWIFT_VERSION = 5.0;
				TARGETED_DEVICE_FAMILY = "1,2";
			};
			name = Release;
		};
/* End XCBuildConfiguration section */

/* Begin XCConfigurationList section */
		77D5F04C269530440080BAFC /* Build configuration list for PBXProject "IOSParseXMLTutorial" */ = {
			isa = XCConfigurationList;
			buildConfigurations = (
				77D5F063269530470080BAFC /* Debug */,
				77D5F064269530470080BAFC /* Release */,
			);
			defaultConfigurationIsVisible = 0;
			defaultConfigurationName = Release;
		};
		77D5F065269530470080BAFC /* Build configuration list for PBXNativeTarget "IOSParseXMLTutorial" */ = {
			isa = XCConfigurationList;
			buildConfigurations = (
				77D5F066269530470080BAFC /* Debug */,
				77D5F067269530470080BAFC /* Release */,
			);
			defaultConfigurationIsVisible = 0;
			defaultConfigurationName = Release;
		};
/* End XCConfigurationList section */
	};
	rootObject = 77D5F049269530440080BAFC /* Project object */;
}
