// !$*UTF8*$!
{
	archiveVersion = 1;
	classes = {
	};
	objectVersion = 50;
	objects = {

/* Begin PBXBuildFile section */
		7704D4DF26816F3B003D8C65 /* FrutasTableViewCell.swift in Sources */ = {isa = PBXBuildFile; fileRef = 7704D4DD26816F3B003D8C65 /* FrutasTableViewCell.swift */; };
		7704D4E026816F3B003D8C65 /* FrutasTableViewCell.xib in Resources */ = {isa = PBXBuildFile; fileRef = 7704D4DE26816F3B003D8C65 /* FrutasTableViewCell.xib */; };
		77A3995C267C3734000A1F4D /* AppDelegate.swift in Sources */ = {isa = PBXBuildFile; fileRef = 77A3995B267C3734000A1F4D /* AppDelegate.swift */; };
		77A3995E267C3734000A1F4D /* SceneDelegate.swift in Sources */ = {isa = PBXBuildFile; fileRef = 77A3995D267C3734000A1F4D /* SceneDelegate.swift */; };
		77A39960267C3734000A1F4D /* ViewController.swift in Sources */ = {isa = PBXBuildFile; fileRef = 77A3995F267C3734000A1F4D /* ViewController.swift */; };
		77A39963267C3734000A1F4D /* Main.storyboard in Resources */ = {isa = PBXBuildFile; fileRef = 77A39961267C3734000A1F4D /* Main.storyboard */; };
		77A39965267C3735000A1F4D /* Assets.xcassets in Resources */ = {isa = PBXBuildFile; fileRef = 77A39964267C3735000A1F4D /* Assets.xcassets */; };
		77A39968267C3735000A1F4D /* LaunchScreen.storyboard in Resources */ = {isa = PBXBuildFile; fileRef = 77A39966267C3735000A1F4D /* LaunchScreen.storyboard */; };
		77D55C202682B7D500FC51AF /* Fruta.swift in Sources */ = {isa = PBXBuildFile; fileRef = 77D55C1F2682B7D500FC51AF /* Fruta.swift */; };
		77D55C222682D17500FC51AF /* Verdura.swift in Sources */ = {isa = PBXBuildFile; fileRef = 77D55C212682D17500FC51AF /* Verdura.swift */; };
/* End PBXBuildFile section */

/* Begin PBXFileReference section */
		7704D4DD26816F3B003D8C65 /* FrutasTableViewCell.swift */ = {isa = PBXFileReference; lastKnownFileType = sourcecode.swift; path = FrutasTableViewCell.swift; sourceTree = "<group>"; };
		7704D4DE26816F3B003D8C65 /* FrutasTableViewCell.xib */ = {isa = PBXFileReference; lastKnownFileType = file.xib; path = FrutasTableViewCell.xib; sourceTree = "<group>"; };
		77A39958267C3733000A1F4D /* TableViewExample.app */ = {isa = PBXFileReference; explicitFileType = wrapper.application; includeInIndex = 0; path = TableViewExample.app; sourceTree = BUILT_PRODUCTS_DIR; };
		77A3995B267C3734000A1F4D /* AppDelegate.swift */ = {isa = PBXFileReference; lastKnownFileType = sourcecode.swift; path = AppDelegate.swift; sourceTree = "<group>"; };
		77A3995D267C3734000A1F4D /* SceneDelegate.swift */ = {isa = PBXFileReference; lastKnownFileType = sourcecode.swift; path = SceneDelegate.swift; sourceTree = "<group>"; };
		77A3995F267C3734000A1F4D /* ViewController.swift */ = {isa = PBXFileReference; lastKnownFileType = sourcecode.swift; path = ViewController.swift; sourceTree = "<group>"; };
		77A39962267C3734000A1F4D /* Base */ = {isa = PBXFileReference; lastKnownFileType = file.storyboard; name = Base; path = Base.lproj/Main.storyboard; sourceTree = "<group>"; };
		77A39964267C3735000A1F4D /* Assets.xcassets */ = {isa = PBXFileReference; lastKnownFileType = folder.assetcatalog; path = Assets.xcassets; sourceTree = "<group>"; };
		77A39967267C3735000A1F4D /* Base */ = {isa = PBXFileReference; lastKnownFileType = file.storyboard; name = Base; path = Base.lproj/LaunchScreen.storyboard; sourceTree = "<group>"; };
		77A39969267C3735000A1F4D /* Info.plist */ = {isa = PBXFileReference; lastKnownFileType = text.plist.xml; path = Info.plist; sourceTree = "<group>"; };
		77D55C1F2682B7D500FC51AF /* Fruta.swift */ = {isa = PBXFileReference; lastKnownFileType = sourcecode.swift; path = Fruta.swift; sourceTree = "<group>"; };
		77D55C212682D17500FC51AF /* Verdura.swift */ = {isa = PBXFileReference; lastKnownFileType = sourcecode.swift; path = Verdura.swift; sourceTree = "<group>"; };
/* End PBXFileReference section */

/* Begin PBXFrameworksBuildPhase section */
		77A39955267C3733000A1F4D /* Frameworks */ = {
			isa = PBXFrameworksBuildPhase;
			buildActionMask = 2147483647;
			files = (
			);
			runOnlyForDeploymentPostprocessing = 0;
		};
/* End PBXFrameworksBuildPhase section */

/* Begin PBXGroup section */
		77A3994F267C3733000A1F4D = {
			isa = PBXGroup;
			children = (
				77A3995A267C3733000A1F4D /* TableViewExample */,
				77A39959267C3733000A1F4D /* Products */,
			);
			sourceTree = "<group>";
		};
		77A39959267C3733000A1F4D /* Products */ = {
			isa = PBXGroup;
			children = (
				77A39958267C3733000A1F4D /* TableViewExample.app */,
			);
			name = Products;
			sourceTree = "<group>";
		};
		77A3995A267C3733000A1F4D /* TableViewExample */ = {
			isa = PBXGroup;
			children = (
				77A3995B267C3734000A1F4D /* AppDelegate.swift */,
				77A3995D267C3734000A1F4D /* SceneDelegate.swift */,
				77A3995F267C3734000A1F4D /* ViewController.swift */,
				77A39961267C3734000A1F4D /* Main.storyboard */,
				77A39964267C3735000A1F4D /* Assets.xcassets */,
				77A39966267C3735000A1F4D /* LaunchScreen.storyboard */,
				77A39969267C3735000A1F4D /* Info.plist */,
				7704D4DD26816F3B003D8C65 /* FrutasTableViewCell.swift */,
				7704D4DE26816F3B003D8C65 /* FrutasTableViewCell.xib */,
				77D55C1F2682B7D500FC51AF /* Fruta.swift */,
				77D55C212682D17500FC51AF /* Verdura.swift */,
			);
			path = TableViewExample;
			sourceTree = "<group>";
		};
/* End PBXGroup section */

/* Begin PBXNativeTarget section */
		77A39957267C3733000A1F4D /* TableViewExample */ = {
			isa = PBXNativeTarget;
			buildConfigurationList = 77A3996C267C3735000A1F4D /* Build configuration list for PBXNativeTarget "TableViewExample" */;
			buildPhases = (
				77A39954267C3733000A1F4D /* Sources */,
				77A39955267C3733000A1F4D /* Frameworks */,
				77A39956267C3733000A1F4D /* Resources */,
			);
			buildRules = (
			);
			dependencies = (
			);
			name = TableViewExample;
			productName = TableViewExample;
			productReference = 77A39958267C3733000A1F4D /* TableViewExample.app */;
			productType = "com.apple.product-type.application";
		};
/* End PBXNativeTarget section */

/* Begin PBXProject section */
		77A39950267C3733000A1F4D /* Project object */ = {
			isa = PBXProject;
			attributes = {
				LastSwiftUpdateCheck = 1250;
				LastUpgradeCheck = 1250;
				TargetAttributes = {
					77A39957267C3733000A1F4D = {
						CreatedOnToolsVersion = 12.5;
					};
				};
			};
			buildConfigurationList = 77A39953267C3733000A1F4D /* Build configuration list for PBXProject "TableViewExample" */;
			compatibilityVersion = "Xcode 9.3";
			developmentRegion = en;
			hasScannedForEncodings = 0;
			knownRegions = (
				en,
				Base,
			);
			mainGroup = 77A3994F267C3733000A1F4D;
			productRefGroup = 77A39959267C3733000A1F4D /* Products */;
			projectDirPath = "";
			projectRoot = "";
			targets = (
				77A39957267C3733000A1F4D /* TableViewExample */,
			);
		};
/* End PBXProject section */

/* Begin PBXResourcesBuildPhase section */
		77A39956267C3733000A1F4D /* Resources */ = {
			isa = PBXResourcesBuildPhase;
			buildActionMask = 2147483647;
			files = (
				7704D4E026816F3B003D8C65 /* FrutasTableViewCell.xib in Resources */,
				77A39968267C3735000A1F4D /* LaunchScreen.storyboard in Resources */,
				77A39965267C3735000A1F4D /* Assets.xcassets in Resources */,
				77A39963267C3734000A1F4D /* Main.storyboard in Resources */,
			);
			runOnlyForDeploymentPostprocessing = 0;
		};
/* End PBXResourcesBuildPhase section */

/* Begin PBXSourcesBuildPhase section */
		77A39954267C3733000A1F4D /* Sources */ = {
			isa = PBXSourcesBuildPhase;
			buildActionMask = 2147483647;
			files = (
				77D55C202682B7D500FC51AF /* Fruta.swift in Sources */,
				7704D4DF26816F3B003D8C65 /* FrutasTableViewCell.swift in Sources */,
				77A39960267C3734000A1F4D /* ViewController.swift in Sources */,
				77D55C222682D17500FC51AF /* Verdura.swift in Sources */,
				77A3995C267C3734000A1F4D /* AppDelegate.swift in Sources */,
				77A3995E267C3734000A1F4D /* SceneDelegate.swift in Sources */,
			);
			runOnlyForDeploymentPostprocessing = 0;
		};
/* End PBXSourcesBuildPhase section */

/* Begin PBXVariantGroup section */
		77A39961267C3734000A1F4D /* Main.storyboard */ = {
			isa = PBXVariantGroup;
			children = (
				77A39962267C3734000A1F4D /* Base */,
			);
			name = Main.storyboard;
			sourceTree = "<group>";
		};
		77A39966267C3735000A1F4D /* LaunchScreen.storyboard */ = {
			isa = PBXVariantGroup;
			children = (
				77A39967267C3735000A1F4D /* Base */,
			);
			name = LaunchScreen.storyboard;
			sourceTree = "<group>";
		};
/* End PBXVariantGroup section */

/* Begin XCBuildConfiguration section */
		77A3996A267C3735000A1F4D /* Debug */ = {
			isa = XCBuildConfiguration;
			buildSettings = {
				ALWAYS_SEARCH_USER_PATHS = NO;
				CLANG_ANALYZER_NONNULL = YES;
				CLANG_ANALYZER_NUMBER_OBJECT_CONVERSION = YES_AGGRESSIVE;
				CLANG_CXX_LANGUAGE_STANDARD = "gnu++14";
				CLANG_CXX_LIBRARY = "libc++";
				CLANG_ENABLE_MODULES = YES;
				CLANG_ENABLE_OBJC_ARC = YES;
				CLANG_ENABLE_OBJC_WEAK = YES;
				CLANG_WARN_BLOCK_CAPTURE_AUTORELEASING = YES;
				CLANG_WARN_BOOL_CONVERSION = YES;
				CLANG_WARN_COMMA = YES;
				CLANG_WARN_CONSTANT_CONVERSION = YES;
				CLANG_WARN_DEPRECATED_OBJC_IMPLEMENTATIONS = YES;
				CLANG_WARN_DIRECT_OBJC_ISA_USAGE = YES_ERROR;
				CLANG_WARN_DOCUMENTATION_COMMENTS = YES;
				CLANG_WARN_EMPTY_BODY = YES;
				CLANG_WARN_ENUM_CONVERSION = YES;
				CLANG_WARN_INFINITE_RECURSION = YES;
				CLANG_WARN_INT_CONVERSION = YES;
				CLANG_WARN_NON_LITERAL_NULL_CONVERSION = YES;
				CLANG_WARN_OBJC_IMPLICIT_RETAIN_SELF = YES;
				CLANG_WARN_OBJC_LITERAL_CONVERSION = YES;
				CLANG_WARN_OBJC_ROOT_CLASS = YES_ERROR;
				CLANG_WARN_QUOTED_INCLUDE_IN_FRAMEWORK_HEADER = YES;
				CLANG_WARN_RANGE_LOOP_ANALYSIS = YES;
				CLANG_WARN_STRICT_PROTOTYPES = YES;
				CLANG_WARN_SUSPICIOUS_MOVE = YES;
				CLANG_WARN_UNGUARDED_AVAILABILITY = YES_AGGRESSIVE;
				CLANG_WARN_UNREACHABLE_CODE = YES;
				CLANG_WARN__DUPLICATE_METHOD_MATCH = YES;
				COPY_PHASE_STRIP = NO;
				DEBUG_INFORMATION_FORMAT = dwarf;
				ENABLE_STRICT_OBJC_MSGSEND = YES;
				ENABLE_TESTABILITY = YES;
				GCC_C_LANGUAGE_STANDARD = gnu11;
				GCC_DYNAMIC_NO_PIC = NO;
				GCC_NO_COMMON_BLOCKS = YES;
				GCC_OPTIMIZATION_LEVEL = 0;
				GCC_PREPROCESSOR_DEFINITIONS = (
					"DEBUG=1",
					"$(inherited)",
				);
				GCC_WARN_64_TO_32_BIT_CONVERSION = YES;
				GCC_WARN_ABOUT_RETURN_TYPE = YES_ERROR;
				GCC_WARN_UNDECLARED_SELECTOR = YES;
				GCC_WARN_UNINITIALIZED_AUTOS = YES_AGGRESSIVE;
				GCC_WARN_UNUSED_FUNCTION = YES;
				GCC_WARN_UNUSED_VARIABLE = YES;
				IPHONEOS_DEPLOYMENT_TARGET = 14.5;
				MTL_ENABLE_DEBUG_INFO = INCLUDE_SOURCE;
				MTL_FAST_MATH = YES;
				ONLY_ACTIVE_ARCH = YES;
				SDKROOT = iphoneos;
				SWIFT_ACTIVE_COMPILATION_CONDITIONS = DEBUG;
				SWIFT_OPTIMIZATION_LEVEL = "-Onone";
			};
			name = Debug;
		};
		77A3996B267C3735000A1F4D /* Release */ = {
			isa = XCBuildConfiguration;
			buildSettings = {
				ALWAYS_SEARCH_USER_PATHS = NO;
				CLANG_ANALYZER_NONNULL = YES;
				CLANG_ANALYZER_NUMBER_OBJECT_CONVERSION = YES_AGGRESSIVE;
				CLANG_CXX_LANGUAGE_STANDARD = "gnu++14";
				CLANG_CXX_LIBRARY = "libc++";
				CLANG_ENABLE_MODULES = YES;
				CLANG_ENABLE_OBJC_ARC = YES;
				CLANG_ENABLE_OBJC_WEAK = YES;
				CLANG_WARN_BLOCK_CAPTURE_AUTORELEASING = YES;
				CLANG_WARN_BOOL_CONVERSION = YES;
				CLANG_WARN_COMMA = YES;
				CLANG_WARN_CONSTANT_CONVERSION = YES;
				CLANG_WARN_DEPRECATED_OBJC_IMPLEMENTATIONS = YES;
				CLANG_WARN_DIRECT_OBJC_ISA_USAGE = YES_ERROR;
				CLANG_WARN_DOCUMENTATION_COMMENTS = YES;
				CLANG_WARN_EMPTY_BODY = YES;
				CLANG_WARN_ENUM_CONVERSION = YES;
				CLANG_WARN_INFINITE_RECURSION = YES;
				CLANG_WARN_INT_CONVERSION = YES;
				CLANG_WARN_NON_LITERAL_NULL_CONVERSION = YES;
				CLANG_WARN_OBJC_IMPLICIT_RETAIN_SELF = YES;
				CLANG_WARN_OBJC_LITERAL_CONVERSION = YES;
				CLANG_WARN_OBJC_ROOT_CLASS = YES_ERROR;
				CLANG_WARN_QUOTED_INCLUDE_IN_FRAMEWORK_HEADER = YES;
				CLANG_WARN_RANGE_LOOP_ANALYSIS = YES;
				CLANG_WARN_STRICT_PROTOTYPES = YES;
				CLANG_WARN_SUSPICIOUS_MOVE = YES;
				CLANG_WARN_UNGUARDED_AVAILABILITY = YES_AGGRESSIVE;
				CLANG_WARN_UNREACHABLE_CODE = YES;
				CLANG_WARN__DUPLICATE_METHOD_MATCH = YES;
				COPY_PHASE_STRIP = NO;
				DEBUG_INFORMATION_FORMAT = "dwarf-with-dsym";
				ENABLE_NS_ASSERTIONS = NO;
				ENABLE_STRICT_OBJC_MSGSEND = YES;
				GCC_C_LANGUAGE_STANDARD = gnu11;
				GCC_NO_COMMON_BLOCKS = YES;
				GCC_WARN_64_TO_32_BIT_CONVERSION = YES;
				GCC_WARN_ABOUT_RETURN_TYPE = YES_ERROR;
				GCC_WARN_UNDECLARED_SELECTOR = YES;
				GCC_WARN_UNINITIALIZED_AUTOS = YES_AGGRESSIVE;
				GCC_WARN_UNUSED_FUNCTION = YES;
				GCC_WARN_UNUSED_VARIABLE = YES;
				IPHONEOS_DEPLOYMENT_TARGET = 14.5;
				MTL_ENABLE_DEBUG_INFO = NO;
				MTL_FAST_MATH = YES;
				SDKROOT = iphoneos;
				SWIFT_COMPILATION_MODE = wholemodule;
				SWIFT_OPTIMIZATION_LEVEL = "-O";
				VALIDATE_PRODUCT = YES;
			};
			name = Release;
		};
		77A3996D267C3735000A1F4D /* Debug */ = {
			isa = XCBuildConfiguration;
			buildSettings = {
				ASSETCATALOG_COMPILER_APPICON_NAME = AppIcon;
				ASSETCATALOG_COMPILER_GLOBAL_ACCENT_COLOR_NAME = AccentColor;
				CODE_SIGN_STYLE = Automatic;
				INFOPLIST_FILE = TableViewExample/Info.plist;
				LD_RUNPATH_SEARCH_PATHS = (
					"$(inherited)",
					"@executable_path/Frameworks",
				);
				PRODUCT_BUNDLE_IDENTIFIER = com.apprenDev.TableViewExample;
				PRODUCT_NAME = "$(TARGET_NAME)";
				SWIFT_VERSION = 5.0;
				TARGETED_DEVICE_FAMILY = "1,2";
			};
			name = Debug;
		};
		77A3996E267C3735000A1F4D /* Release */ = {
			isa = XCBuildConfiguration;
			buildSettings = {
				ASSETCATALOG_COMPILER_APPICON_NAME = AppIcon;
				ASSETCATALOG_COMPILER_GLOBAL_ACCENT_COLOR_NAME = AccentColor;
				CODE_SIGN_STYLE = Automatic;
				INFOPLIST_FILE = TableViewExample/Info.plist;
				LD_RUNPATH_SEARCH_PATHS = (
					"$(inherited)",
					"@executable_path/Frameworks",
				);
				PRODUCT_BUNDLE_IDENTIFIER = com.apprenDev.TableViewExample;
				PRODUCT_NAME = "$(TARGET_NAME)";
				SWIFT_VERSION = 5.0;
				TARGETED_DEVICE_FAMILY = "1,2";
			};
			name = Release;
		};
/* End XCBuildConfiguration section */

/* Begin XCConfigurationList section */
		77A39953267C3733000A1F4D /* Build configuration list for PBXProject "TableViewExample" */ = {
			isa = XCConfigurationList;
			buildConfigurations = (
				77A3996A267C3735000A1F4D /* Debug */,
				77A3996B267C3735000A1F4D /* Release */,
			);
			defaultConfigurationIsVisible = 0;
			defaultConfigurationName = Release;
		};
		77A3996C267C3735000A1F4D /* Build configuration list for PBXNativeTarget "TableViewExample" */ = {
			isa = XCConfigurationList;
			buildConfigurations = (
				77A3996D267C3735000A1F4D /* Debug */,
				77A3996E267C3735000A1F4D /* Release */,
			);
			defaultConfigurationIsVisible = 0;
			defaultConfigurationName = Release;
		};
/* End XCConfigurationList section */
	};
	rootObject = 77A39950267C3733000A1F4D /* Project object */;
}
